<?xml version="1.0" encoding="UTF-8"?>
<CodeBlocks_project_file>
	<FileVersion major="1" minor="6"/>
	<Project>
		<Option title="CNPY"/>
		<Option makefile_is_custom="1"/>
		<Option compiler="gcc"/>
		<Option virtualFolders="CMake Files\;CMake Files\cnpy\;CMake Files\..\;CMake Files\..\..\;CMake Files\..\..\..\;CMake Files\..\..\..\..\;CMake Files\..\..\..\..\..\;CMake Files\..\..\..\..\..\labs\;CMake Files\..\..\..\..\..\labs\dina\;CMake Files\..\..\..\..\..\labs\dina\dina\;CMake Files\..\..\..\..\..\labs\dina\dina\libs\;CMake Files\..\..\..\..\..\labs\dina\dina\libs\HighFive\;CMake Files\..\..\..\..\..\labs\dina\dina\libs\HighFive\_install\;CMake Files\..\..\..\..\..\labs\dina\dina\libs\HighFive\_install\share\;CMake Files\..\..\..\..\..\labs\dina\dina\libs\HighFive\_install\share\HighFive\;CMake Files\..\..\..\..\..\labs\dina\dina\libs\HighFive\_install\share\HighFive\CMake\;"/>
		<Build>
			<Target title="all">
				<Option working_dir="/cs/usr/punims/punims/MGClassifier/Interface_grid/cnpy"/>
				<Option type="4"/>
				<MakeCommands>
					<Build command="/usr/bin/make -f &quot;/cs/usr/punims/punims/MGClassifier/Interface_grid/cnpy/Makefile&quot;  VERBOSE=1 all"/>
					<CompileFile command="/usr/bin/make -f &quot;/cs/usr/punims/punims/MGClassifier/Interface_grid/cnpy/Makefile&quot;  VERBOSE=1 &quot;$file&quot;"/>
					<Clean command="/usr/bin/make -f &quot;/cs/usr/punims/punims/MGClassifier/Interface_grid/cnpy/Makefile&quot;  VERBOSE=1 clean"/>
					<DistClean command="/usr/bin/make -f &quot;/cs/usr/punims/punims/MGClassifier/Interface_grid/cnpy/Makefile&quot;  VERBOSE=1 clean"/>
				</MakeCommands>
			</Target>
			<Target title="cnpy">
				<Option output="/cs/usr/punims/punims/MGClassifier/Interface_grid/cnpy/libcnpy.so" prefix_auto="0" extension_auto="0"/>
				<Option working_dir="/cs/usr/punims/punims/MGClassifier/Interface_grid/cnpy"/>
				<Option object_output="./"/>
				<Option type="3"/>
				<Option compiler="gcc"/>
				<Compiler/>
				<MakeCommands>
					<Build command="/usr/bin/make -f &quot;/cs/usr/punims/punims/MGClassifier/Interface_grid/cnpy/Makefile&quot;  VERBOSE=1 cnpy"/>
					<CompileFile command="/usr/bin/make -f &quot;/cs/usr/punims/punims/MGClassifier/Interface_grid/cnpy/Makefile&quot;  VERBOSE=1 &quot;$file&quot;"/>
					<Clean command="/usr/bin/make -f &quot;/cs/usr/punims/punims/MGClassifier/Interface_grid/cnpy/Makefile&quot;  VERBOSE=1 clean"/>
					<DistClean command="/usr/bin/make -f &quot;/cs/usr/punims/punims/MGClassifier/Interface_grid/cnpy/Makefile&quot;  VERBOSE=1 clean"/>
				</MakeCommands>
			</Target>
			<Target title="cnpy/fast">
				<Option output="/cs/usr/punims/punims/MGClassifier/Interface_grid/cnpy/libcnpy.so" prefix_auto="0" extension_auto="0"/>
				<Option working_dir="/cs/usr/punims/punims/MGClassifier/Interface_grid/cnpy"/>
				<Option object_output="./"/>
				<Option type="3"/>
				<Option compiler="gcc"/>
				<Compiler/>
				<MakeCommands>
					<Build command="/usr/bin/make -f &quot;/cs/usr/punims/punims/MGClassifier/Interface_grid/cnpy/Makefile&quot;  VERBOSE=1 cnpy/fast"/>
					<CompileFile command="/usr/bin/make -f &quot;/cs/usr/punims/punims/MGClassifier/Interface_grid/cnpy/Makefile&quot;  VERBOSE=1 &quot;$file&quot;"/>
					<Clean command="/usr/bin/make -f &quot;/cs/usr/punims/punims/MGClassifier/Interface_grid/cnpy/Makefile&quot;  VERBOSE=1 clean"/>
					<DistClean command="/usr/bin/make -f &quot;/cs/usr/punims/punims/MGClassifier/Interface_grid/cnpy/Makefile&quot;  VERBOSE=1 clean"/>
				</MakeCommands>
			</Target>
			<Target title="example1">
				<Option output="/cs/usr/punims/punims/MGClassifier/Interface_grid/cnpy/example1" prefix_auto="0" extension_auto="0"/>
				<Option working_dir="/cs/usr/punims/punims/MGClassifier/Interface_grid/cnpy"/>
				<Option object_output="./"/>
				<Option type="1"/>
				<Option compiler="gcc"/>
				<Compiler/>
				<MakeCommands>
					<Build command="/usr/bin/make -f &quot;/cs/usr/punims/punims/MGClassifier/Interface_grid/cnpy/Makefile&quot;  VERBOSE=1 example1"/>
					<CompileFile command="/usr/bin/make -f &quot;/cs/usr/punims/punims/MGClassifier/Interface_grid/cnpy/Makefile&quot;  VERBOSE=1 &quot;$file&quot;"/>
					<Clean command="/usr/bin/make -f &quot;/cs/usr/punims/punims/MGClassifier/Interface_grid/cnpy/Makefile&quot;  VERBOSE=1 clean"/>
					<DistClean command="/usr/bin/make -f &quot;/cs/usr/punims/punims/MGClassifier/Interface_grid/cnpy/Makefile&quot;  VERBOSE=1 clean"/>
				</MakeCommands>
			</Target>
			<Target title="example1/fast">
				<Option output="/cs/usr/punims/punims/MGClassifier/Interface_grid/cnpy/example1" prefix_auto="0" extension_auto="0"/>
				<Option working_dir="/cs/usr/punims/punims/MGClassifier/Interface_grid/cnpy"/>
				<Option object_output="./"/>
				<Option type="1"/>
				<Option compiler="gcc"/>
				<Compiler/>
				<MakeCommands>
					<Build command="/usr/bin/make -f &quot;/cs/usr/punims/punims/MGClassifier/Interface_grid/cnpy/Makefile&quot;  VERBOSE=1 example1/fast"/>
					<CompileFile command="/usr/bin/make -f &quot;/cs/usr/punims/punims/MGClassifier/Interface_grid/cnpy/Makefile&quot;  VERBOSE=1 &quot;$file&quot;"/>
					<Clean command="/usr/bin/make -f &quot;/cs/usr/punims/punims/MGClassifier/Interface_grid/cnpy/Makefile&quot;  VERBOSE=1 clean"/>
					<DistClean command="/usr/bin/make -f &quot;/cs/usr/punims/punims/MGClassifier/Interface_grid/cnpy/Makefile&quot;  VERBOSE=1 clean"/>
				</MakeCommands>
			</Target>
			<Target title="cnpy-static">
				<Option output="/cs/usr/punims/punims/MGClassifier/Interface_grid/cnpy/libcnpy.a" prefix_auto="0" extension_auto="0"/>
				<Option working_dir="/cs/usr/punims/punims/MGClassifier/Interface_grid/cnpy"/>
				<Option object_output="./"/>
				<Option type="2"/>
				<Option compiler="gcc"/>
				<Compiler/>
				<MakeCommands>
					<Build command="/usr/bin/make -f &quot;/cs/usr/punims/punims/MGClassifier/Interface_grid/cnpy/Makefile&quot;  VERBOSE=1 cnpy-static"/>
					<CompileFile command="/usr/bin/make -f &quot;/cs/usr/punims/punims/MGClassifier/Interface_grid/cnpy/Makefile&quot;  VERBOSE=1 &quot;$file&quot;"/>
					<Clean command="/usr/bin/make -f &quot;/cs/usr/punims/punims/MGClassifier/Interface_grid/cnpy/Makefile&quot;  VERBOSE=1 clean"/>
					<DistClean command="/usr/bin/make -f &quot;/cs/usr/punims/punims/MGClassifier/Interface_grid/cnpy/Makefile&quot;  VERBOSE=1 clean"/>
				</MakeCommands>
			</Target>
			<Target title="cnpy-static/fast">
				<Option output="/cs/usr/punims/punims/MGClassifier/Interface_grid/cnpy/libcnpy.a" prefix_auto="0" extension_auto="0"/>
				<Option working_dir="/cs/usr/punims/punims/MGClassifier/Interface_grid/cnpy"/>
				<Option object_output="./"/>
				<Option type="2"/>
				<Option compiler="gcc"/>
				<Compiler/>
				<MakeCommands>
					<Build command="/usr/bin/make -f &quot;/cs/usr/punims/punims/MGClassifier/Interface_grid/cnpy/Makefile&quot;  VERBOSE=1 cnpy-static/fast"/>
					<CompileFile command="/usr/bin/make -f &quot;/cs/usr/punims/punims/MGClassifier/Interface_grid/cnpy/Makefile&quot;  VERBOSE=1 &quot;$file&quot;"/>
					<Clean command="/usr/bin/make -f &quot;/cs/usr/punims/punims/MGClassifier/Interface_grid/cnpy/Makefile&quot;  VERBOSE=1 clean"/>
					<DistClean command="/usr/bin/make -f &quot;/cs/usr/punims/punims/MGClassifier/Interface_grid/cnpy/Makefile&quot;  VERBOSE=1 clean"/>
				</MakeCommands>
			</Target>
		</Build>
		<Unit filename="/cs/usr/punims/punims/MGClassifier/Interface_grid/cnpy/cnpy.cpp">
			<Option target="cnpy"/>
			<Option target="cnpy-static"/>
		</Unit>
		<Unit filename="/cs/usr/punims/punims/MGClassifier/Interface_grid/cnpy/cnpy.h">
			<Option target="cnpy"/>
			<Option target="cnpy-static"/>
		</Unit>
		<Unit filename="/cs/usr/punims/punims/MGClassifier/Interface_grid/cnpy/example1.cpp">
			<Option target="example1"/>
		</Unit>
		<Unit filename="/cs/usr/punims/punims/MGClassifier/Interface_grid/CMakeLists.txt">
			<Option virtualFolder="CMake Files\"/>
		</Unit>
		<Unit filename="/cs/usr/punims/punims/MGClassifier/Interface_grid/cnpy/CMakeLists.txt">
			<Option virtualFolder="CMake Files\cnpy\"/>
		</Unit>
		<Unit filename="/cs/usr/punims/punims/MGClassifier/Interface_grid/../../../../../labs/dina/dina/libs/HighFive/_install/share/HighFive/CMake/HighFiveConfig.cmake">
			<Option virtualFolder="CMake Files\..\..\..\..\..\labs\dina\dina\libs\HighFive\_install\share\HighFive\CMake\"/>
		</Unit>
		<Unit filename="/cs/usr/punims/punims/MGClassifier/Interface_grid/../../../../../labs/dina/dina/libs/HighFive/_install/share/HighFive/CMake/HighFiveConfigVersion.cmake">
			<Option virtualFolder="CMake Files\..\..\..\..\..\labs\dina\dina\libs\HighFive\_install\share\HighFive\CMake\"/>
		</Unit>
		<Unit filename="/cs/usr/punims/punims/MGClassifier/Interface_grid/../../../../../labs/dina/dina/libs/HighFive/_install/share/HighFive/CMake/HighFiveTargets.cmake">
			<Option virtualFolder="CMake Files\..\..\..\..\..\labs\dina\dina\libs\HighFive\_install\share\HighFive\CMake\"/>
		</Unit>
	</Project>
</CodeBlocks_project_file>
